
Microsoft Visual Studio Solution File, Format Version 12.00
# Visual Studio Version 17
VisualStudioVersion = 17.10.35013.160
MinimumVisualStudioVersion = 10.0.40219.1
Project("{C9674DCB-5085-4A16-B785-4C70DD1589BD}") = "DWH_SupplyChain", "DWH_SupplyChain\DWH_SupplyChain.dtproj", "{9EA21F95-ADE4-45BB-89BD-BAEAB3C570EE}"
EndProject
Global
	GlobalSection(SolutionConfigurationPlatforms) = preSolution
		Development|Default = Development|Default
	EndGlobalSection
	GlobalSection(ProjectConfigurationPlatforms) = postSolution
		{9EA21F95-ADE4-45BB-89BD-BAEAB3C570EE}.Development|Default.ActiveCfg = Development
		{9EA21F95-ADE4-45BB-89BD-BAEAB3C570EE}.Development|Default.Build.0 = Development
	EndGlobalSection
	GlobalSection(SolutionProperties) = preSolution
		HideSolutionNode = FALSE
	EndGlobalSection
	GlobalSection(ExtensibilityGlobals) = postSolution
		SolutionGuid = {57AE4A4E-B7CB-4631-BF0F-9CC19FECF28F}
	EndGlobalSection
EndGlobal
